// !$*UTF8*$!
{
	archiveVersion = 1;
	classes = {
	};
	objectVersion = 46;
	objects = {

/* Begin PBXBuildFile section */
		AEE663F71BCC44AD00C839BE /* main.cpp in Sources */ = {isa = PBXBuildFile; fileRef = AEE663F61BCC44AD00C839BE /* main.cpp */; };
		AEE663FF1BCC455400C839BE /* multihop.cpp in Sources */ = {isa = PBXBuildFile; fileRef = AEE663FD1BCC455400C839BE /* multihop.cpp */; };
/* End PBXBuildFile section */

/* Begin PBXCopyFilesBuildPhase section */
		AEE663F11BCC44AD00C839BE /* CopyFiles */ = {
			isa = PBXCopyFilesBuildPhase;
			buildActionMask = 2147483647;
			dstPath = /usr/share/man/man1/;
			dstSubfolderSpec = 0;
			files = (
			);
			runOnlyForDeploymentPostprocessing = 1;
		};
/* End PBXCopyFilesBuildPhase section */

/* Begin PBXFileReference section */
		AEE663F31BCC44AD00C839BE /* DTN_simulation */ = {isa = PBXFileReference; explicitFileType = "compiled.mach-o.executable"; includeInIndex = 0; path = DTN_simulation; sourceTree = BUILT_PRODUCTS_DIR; };
		AEE663F61BCC44AD00C839BE /* main.cpp */ = {isa = PBXFileReference; lastKnownFileType = sourcecode.cpp.cpp; path = main.cpp; sourceTree = "<group>"; };
		AEE663FD1BCC455400C839BE /* multihop.cpp */ = {isa = PBXFileReference; fileEncoding = 4; lastKnownFileType = sourcecode.cpp.cpp; path = multihop.cpp; sourceTree = "<group>"; };
		AEE663FE1BCC455400C839BE /* multihop.h */ = {isa = PBXFileReference; fileEncoding = 4; lastKnownFileType = sourcecode.c.h; path = multihop.h; sourceTree = "<group>"; };
/* End PBXFileReference section */

/* Begin PBXFrameworksBuildPhase section */
		AEE663F01BCC44AD00C839BE /* Frameworks */ = {
			isa = PBXFrameworksBuildPhase;
			buildActionMask = 2147483647;
			files = (
			);
			runOnlyForDeploymentPostprocessing = 0;
		};
/* End PBXFrameworksBuildPhase section */

/* Begin PBXGroup section */
		AEE663EA1BCC44AC00C839BE = {
			isa = PBXGroup;
			children = (
				AEE663F51BCC44AD00C839BE /* DTN_simulation */,
				AEE663F41BCC44AD00C839BE /* Products */,
			);
			sourceTree = "<group>";
		};
		AEE663F41BCC44AD00C839BE /* Products */ = {
			isa = PBXGroup;
			children = (
				AEE663F31BCC44AD00C839BE /* DTN_simulation */,
			);
			name = Products;
			sourceTree = "<group>";
		};
		AEE663F51BCC44AD00C839BE /* DTN_simulation */ = {
			isa = PBXGroup;
			children = (
				AEE663F61BCC44AD00C839BE /* main.cpp */,
				AEE663FD1BCC455400C839BE /* multihop.cpp */,
				AEE663FE1BCC455400C839BE /* multihop.h */,
			);
			path = DTN_simulation;
			sourceTree = "<group>";
		};
/* End PBXGroup section */

/* Begin PBXNativeTarget section */
		AEE663F21BCC44AD00C839BE /* DTN_simulation */ = {
			isa = PBXNativeTarget;
			buildConfigurationList = AEE663FA1BCC44AD00C839BE /* Build configuration list for PBXNativeTarget "DTN_simulation" */;
			buildPhases = (
				AEE663EF1BCC44AD00C839BE /* Sources */,
				AEE663F01BCC44AD00C839BE /* Frameworks */,
				AEE663F11BCC44AD00C839BE /* CopyFiles */,
			);
			buildRules = (
			);
			dependencies = (
			);
			name = DTN_simulation;
			productName = DTN_simulation;
			productReference = AEE663F31BCC44AD00C839BE /* DTN_simulation */;
			productType = "com.apple.product-type.tool";
		};
/* End PBXNativeTarget section */

/* Begin PBXProject section */
		AEE663EB1BCC44AC00C839BE /* Project object */ = {
			isa = PBXProject;
			attributes = {
				LastUpgradeCheck = 0640;
				ORGANIZATIONNAME = "Yanbin Ren";
				TargetAttributes = {
					AEE663F21BCC44AD00C839BE = {
						CreatedOnToolsVersion = 6.4;
					};
				};
			};
			buildConfigurationList = AEE663EE1BCC44AC00C839BE /* Build configuration list for PBXProject "DTN_simulation" */;
			compatibilityVersion = "Xcode 3.2";
			developmentRegion = English;
			hasScannedForEncodings = 0;
			knownRegions = (
				en,
			);
			mainGroup = AEE663EA1BCC44AC00C839BE;
			productRefGroup = AEE663F41BCC44AD00C839BE /* Products */;
			projectDirPath = "";
			projectRoot = "";
			targets = (
				AEE663F21BCC44AD00C839BE /* DTN_simulation */,
			);
		};
/* End PBXProject section */

/* Begin PBXSourcesBuildPhase section */
		AEE663EF1BCC44AD00C839BE /* Sources */ = {
			isa = PBXSourcesBuildPhase;
			buildActionMask = 2147483647;
			files = (
				AEE663F71BCC44AD00C839BE /* main.cpp in Sources */,
				AEE663FF1BCC455400C839BE /* multihop.cpp in Sources */,
			);
			runOnlyForDeploymentPostprocessing = 0;
		};
/* End PBXSourcesBuildPhase section */

/* Begin XCBuildConfiguration section */
		AEE663F81BCC44AD00C839BE /* Debug */ = {
			isa = XCBuildConfiguration;
			buildSettings = {
				ALWAYS_SEARCH_USER_PATHS = NO;
				CLANG_CXX_LANGUAGE_STANDARD = "gnu++0x";
				CLANG_CXX_LIBRARY = "libc++";
				CLANG_ENABLE_MODULES = YES;
				CLANG_ENABLE_OBJC_ARC = YES;
				CLANG_WARN_BOOL_CONVERSION = YES;
				CLANG_WARN_CONSTANT_CONVERSION = YES;
				CLANG_WARN_DIRECT_OBJC_ISA_USAGE = YES_ERROR;
				CLANG_WARN_EMPTY_BODY = YES;
				CLANG_WARN_ENUM_CONVERSION = YES;
				CLANG_WARN_INT_CONVERSION = YES;
				CLANG_WARN_OBJC_ROOT_CLASS = YES_ERROR;
				CLANG_WARN_UNREACHABLE_CODE = YES;
				CLANG_WARN__DUPLICATE_METHOD_MATCH = YES;
				COPY_PHASE_STRIP = NO;
				DEBUG_INFORMATION_FORMAT = dwarf;
				ENABLE_STRICT_OBJC_MSGSEND = YES;
				GCC_C_LANGUAGE_STANDARD = gnu99;
				GCC_DYNAMIC_NO_PIC = NO;
				GCC_NO_COMMON_BLOCKS = YES;
				GCC_OPTIMIZATION_LEVEL = 0;
				GCC_PREPROCESSOR_DEFINITIONS = (
					"DEBUG=1",
					"$(inherited)",
				);
				GCC_SYMBOLS_PRIVATE_EXTERN = NO;
				GCC_WARN_64_TO_32_BIT_CONVERSION = YES;
				GCC_WARN_ABOUT_RETURN_TYPE = YES_ERROR;
				GCC_WARN_UNDECLARED_SELECTOR = YES;
				GCC_WARN_UNINITIALIZED_AUTOS = YES_AGGRESSIVE;
				GCC_WARN_UNUSED_FUNCTION = YES;
				GCC_WARN_UNUSED_VARIABLE = YES;
				MACOSX_DEPLOYMENT_TARGET = 10.10;
				MTL_ENABLE_DEBUG_INFO = YES;
				ONLY_ACTIVE_ARCH = YES;
				SDKROOT = macosx;
			};
			name = Debug;
		};
		AEE663F91BCC44AD00C839BE /* Release */ = {
			isa = XCBuildConfiguration;
			buildSettings = {
				ALWAYS_SEARCH_USER_PATHS = NO;
				CLANG_CXX_LANGUAGE_STANDARD = "gnu++0x";
				CLANG_CXX_LIBRARY = "libc++";
				CLANG_ENABLE_MODULES = YES;
				CLANG_ENABLE_OBJC_ARC = YES;
				CLANG_WARN_BOOL_CONVERSION = YES;
				CLANG_WARN_CONSTANT_CONVERSION = YES;
				CLANG_WARN_DIRECT_OBJC_ISA_USAGE = YES_ERROR;
				CLANG_WARN_EMPTY_BODY = YES;
				CLANG_WARN_ENUM_CONVERSION = YES;
				CLANG_WARN_INT_CONVERSION = YES;
				CLANG_WARN_OBJC_ROOT_CLASS = YES_ERROR;
				CLANG_WARN_UNREACHABLE_CODE = YES;
				CLANG_WARN__DUPLICATE_METHOD_MATCH = YES;
				COPY_PHASE_STRIP = NO;
				DEBUG_INFORMATION_FORMAT = "dwarf-with-dsym";
				ENABLE_NS_ASSERTIONS = NO;
				ENABLE_STRICT_OBJC_MSGSEND = YES;
				GCC_C_LANGUAGE_STANDARD = gnu99;
				GCC_NO_COMMON_BLOCKS = YES;
				GCC_WARN_64_TO_32_BIT_CONVERSION = YES;
				GCC_WARN_ABOUT_RETURN_TYPE = YES_ERROR;
				GCC_WARN_UNDECLARED_SELECTOR = YES;
				GCC_WARN_UNINITIALIZED_AUTOS = YES_AGGRESSIVE;
				GCC_WARN_UNUSED_FUNCTION = YES;
				GCC_WARN_UNUSED_VARIABLE = YES;
				MACOSX_DEPLOYMENT_TARGET = 10.10;
				MTL_ENABLE_DEBUG_INFO = NO;
				SDKROOT = macosx;
			};
			name = Release;
		};
		AEE663FB1BCC44AD00C839BE /* Debug */ = {
			isa = XCBuildConfiguration;
			buildSettings = {
				PRODUCT_NAME = "$(TARGET_NAME)";
			};
			name = Debug;
		};
		AEE663FC1BCC44AD00C839BE /* Release */ = {
			isa = XCBuildConfiguration;
			buildSettings = {
				PRODUCT_NAME = "$(TARGET_NAME)";
			};
			name = Release;
		};
/* End XCBuildConfiguration section */

/* Begin XCConfigurationList section */
		AEE663EE1BCC44AC00C839BE /* Build configuration list for PBXProject "DTN_simulation" */ = {
			isa = XCConfigurationList;
			buildConfigurations = (
				AEE663F81BCC44AD00C839BE /* Debug */,
				AEE663F91BCC44AD00C839BE /* Release */,
			);
			defaultConfigurationIsVisible = 0;
			defaultConfigurationName = Release;
		};
		AEE663FA1BCC44AD00C839BE /* Build configuration list for PBXNativeTarget "DTN_simulation" */ = {
			isa = XCConfigurationList;
			buildConfigurations = (
				AEE663FB1BCC44AD00C839BE /* Debug */,
				AEE663FC1BCC44AD00C839BE /* Release */,
			);
			defaultConfigurationIsVisible = 0;
		};
/* End XCConfigurationList section */
	};
	rootObject = AEE663EB1BCC44AC00C839BE /* Project object */;
}
